
Microsoft Visual Studio Solution File, Format Version 12.00
# Visual Studio 15
VisualStudioVersion = 15.0.26730.3
MinimumVisualStudioVersion = 10.0.40219.1
Project("{2150E333-8FDC-42A3-9474-1A3956D46DE8}") = "Apps", "Apps", "{5AF2E48B-0595-4FB3-9D15-E7B85241C61C}"
EndProject
Project("{2150E333-8FDC-42A3-9474-1A3956D46DE8}") = "Libraries", "Libraries", "{974793C4-B2C6-40D9-BA51-B6F878801832}"
EndProject
Project("{2150E333-8FDC-42A3-9474-1A3956D46DE8}") = "Tests", "Tests", "{E19B5060-3CB1-45B6-8B38-28606AF8B39D}"
EndProject
Project("{FAE04EC0-301F-11D3-BF4B-00C04F79EFBC}") = "Configuration", "Configuration\Configuration.csproj", "{9C8A7181-F450-45BA-9625-3D46550A1EC2}"
EndProject
Project("{FAE04EC0-301F-11D3-BF4B-00C04F79EFBC}") = "ConfigurationTest", "ConfigurationTest\ConfigurationTest.csproj", "{1E43DF43-B744-4858-B7E6-C69E2213A787}"
EndProject
Global
	GlobalSection(SolutionConfigurationPlatforms) = preSolution
		Debug|Any CPU = Debug|Any CPU
		Release|Any CPU = Release|Any CPU
	EndGlobalSection
	GlobalSection(ProjectConfigurationPlatforms) = postSolution
		{9C8A7181-F450-45BA-9625-3D46550A1EC2}.Debug|Any CPU.ActiveCfg = Debug|Any CPU
		{9C8A7181-F450-45BA-9625-3D46550A1EC2}.Debug|Any CPU.Build.0 = Debug|Any CPU
		{9C8A7181-F450-45BA-9625-3D46550A1EC2}.Release|Any CPU.ActiveCfg = Release|Any CPU
		{9C8A7181-F450-45BA-9625-3D46550A1EC2}.Release|Any CPU.Build.0 = Release|Any CPU
		{1E43DF43-B744-4858-B7E6-C69E2213A787}.Debug|Any CPU.ActiveCfg = Debug|Any CPU
		{1E43DF43-B744-4858-B7E6-C69E2213A787}.Debug|Any CPU.Build.0 = Debug|Any CPU
		{1E43DF43-B744-4858-B7E6-C69E2213A787}.Release|Any CPU.ActiveCfg = Release|Any CPU
		{1E43DF43-B744-4858-B7E6-C69E2213A787}.Release|Any CPU.Build.0 = Release|Any CPU
	EndGlobalSection
	GlobalSection(SolutionProperties) = preSolution
		HideSolutionNode = FALSE
	EndGlobalSection
	GlobalSection(NestedProjects) = preSolution
		{9C8A7181-F450-45BA-9625-3D46550A1EC2} = {974793C4-B2C6-40D9-BA51-B6F878801832}
		{1E43DF43-B744-4858-B7E6-C69E2213A787} = {E19B5060-3CB1-45B6-8B38-28606AF8B39D}
	EndGlobalSection
	GlobalSection(ExtensibilityGlobals) = postSolution
		SolutionGuid = {2DF3083A-BB9D-4CFB-AFCB-157BAACBBA80}
	EndGlobalSection
EndGlobal
